
Microsoft Visual Studio Solution File, Format Version 12.00
# Visual Studio Version 16
VisualStudioVersion = 16.0.30621.155
MinimumVisualStudioVersion = 10.0.40219.1
Project("{8BC9CEB8-8B4A-11D0-8D11-00A0C91BC942}") = "Problem 6", "Problem 6\Problem 6.vcxproj", "{8EC22672-533E-489E-B645-2A56B3315EB3}"
EndProject
Project("{8BC9CEB8-8B4A-11D0-8D11-00A0C91BC942}") = "Problem 4", "Problem 4\Problem 4.vcxproj", "{B2F6BAD6-376E-44D0-8D2F-A23D262AA7FE}"
EndProject
Project("{8BC9CEB8-8B4A-11D0-8D11-00A0C91BC942}") = "Problem 5", "Problem 5\Problem 5.vcxproj", "{F9323698-E379-4913-BE0E-144BF031B07C}"
EndProject
Project("{8BC9CEB8-8B4A-11D0-8D11-00A0C91BC942}") = "Problem 7", "Problem 7\Problem 7.vcxproj", "{53889A4A-1511-49EB-94FF-F25538D2E3A4}"
EndProject
Project("{8BC9CEB8-8B4A-11D0-8D11-00A0C91BC942}") = "Problem 206", "Problem 206\Problem 206.vcxproj", "{3AE72A08-2CCF-4123-A255-6E8571310648}"
EndProject
Project("{8BC9CEB8-8B4A-11D0-8D11-00A0C91BC942}") = "Problem 205", "Problem 205\Problem 205.vcxproj", "{9EFFD5C3-C683-42CF-8534-7F7BA49CFB62}"
EndProject
Project("{8BC9CEB8-8B4A-11D0-8D11-00A0C91BC942}") = "Problem 207", "Problem 207\Problem 207.vcxproj", "{3ABC6192-B0E4-4197-B206-A7423B14C12A}"
EndProject
Project("{8BC9CEB8-8B4A-11D0-8D11-00A0C91BC942}") = "Problem 290", "Problem 290\Problem 290.vcxproj", "{50B2C39C-59C5-438E-BC6A-C80D7E153131}"
EndProject
Project("{8BC9CEB8-8B4A-11D0-8D11-00A0C91BC942}") = "Problem 119", "Problem 119\Problem 119.vcxproj", "{268CAACD-4BF0-4F59-90DE-B200C0EE3062}"
EndProject
Project("{8BC9CEB8-8B4A-11D0-8D11-00A0C91BC942}") = "Problem 76", "Problem 76\Problem 76.vcxproj", "{6B1B0979-4C79-4CC4-B67B-89058DD73A28}"
EndProject
Project("{8BC9CEB8-8B4A-11D0-8D11-00A0C91BC942}") = "Problem 303", "Problem 303\Problem 303.vcxproj", "{0B45B2A3-D09F-4809-81D0-5F8843D71D20}"
EndProject
Project("{8BC9CEB8-8B4A-11D0-8D11-00A0C91BC942}") = "Problem 1", "Problem 1\Problem 1.vcxproj", "{8ABD9A85-1317-48E4-9111-6DEDBE4975AC}"
EndProject
Project("{8BC9CEB8-8B4A-11D0-8D11-00A0C91BC942}") = "Problem 2", "Problem 2\Problem 2.vcxproj", "{7D82E8F9-9EA6-4BB7-A181-3A3CF46B7D4F}"
EndProject
Project("{8BC9CEB8-8B4A-11D0-8D11-00A0C91BC942}") = "Problem 3", "Problem 3\Problem 3.vcxproj", "{08020878-316C-4FB4-B269-A12B024FCDFE}"
EndProject
Project("{8BC9CEB8-8B4A-11D0-8D11-00A0C91BC942}") = "Problem 8", "Problem 8\Problem 8.vcxproj", "{044FD454-FE30-4ABB-8D52-31217E5ECC9C}"
EndProject
Project("{8BC9CEB8-8B4A-11D0-8D11-00A0C91BC942}") = "Problem 9", "Problem 9\Problem 9.vcxproj", "{2A071674-0A2D-4C51-AAB2-00105C1FBAAB}"
EndProject
Project("{8BC9CEB8-8B4A-11D0-8D11-00A0C91BC942}") = "Problem 10", "Problem 10\Problem 10.vcxproj", "{0AC58011-9D9A-4890-98EF-F87ADDABE3A7}"
EndProject
Project("{8BC9CEB8-8B4A-11D0-8D11-00A0C91BC942}") = "Problem 11", "Problem 11\Problem 11.vcxproj", "{D4512909-D8B8-4956-BEA6-9DC826FC27CD}"
EndProject
Project("{8BC9CEB8-8B4A-11D0-8D11-00A0C91BC942}") = "Problem 12", "Problem 12\Problem 12.vcxproj", "{ED6405E9-BBBA-4195-9D99-8CCE2521E014}"
EndProject
Project("{8BC9CEB8-8B4A-11D0-8D11-00A0C91BC942}") = "Problem 13", "Problem 13\Problem 13.vcxproj", "{A4C86582-8267-4475-9DA4-236A55F68396}"
EndProject
Project("{8BC9CEB8-8B4A-11D0-8D11-00A0C91BC942}") = "Problem 14", "Problem 14\Problem 14.vcxproj", "{0A930644-C165-4969-B78B-27F431B562D1}"
EndProject
Global
	GlobalSection(SolutionConfigurationPlatforms) = preSolution
		Debug|x64 = Debug|x64
		Debug|x86 = Debug|x86
		Release|x64 = Release|x64
		Release|x86 = Release|x86
	EndGlobalSection
	GlobalSection(ProjectConfigurationPlatforms) = postSolution
		{8EC22672-533E-489E-B645-2A56B3315EB3}.Debug|x64.ActiveCfg = Debug|x64
		{8EC22672-533E-489E-B645-2A56B3315EB3}.Debug|x64.Build.0 = Debug|x64
		{8EC22672-533E-489E-B645-2A56B3315EB3}.Debug|x86.ActiveCfg = Debug|Win32
		{8EC22672-533E-489E-B645-2A56B3315EB3}.Debug|x86.Build.0 = Debug|Win32
		{8EC22672-533E-489E-B645-2A56B3315EB3}.Release|x64.ActiveCfg = Release|x64
		{8EC22672-533E-489E-B645-2A56B3315EB3}.Release|x64.Build.0 = Release|x64
		{8EC22672-533E-489E-B645-2A56B3315EB3}.Release|x86.ActiveCfg = Release|Win32
		{8EC22672-533E-489E-B645-2A56B3315EB3}.Release|x86.Build.0 = Release|Win32
		{B2F6BAD6-376E-44D0-8D2F-A23D262AA7FE}.Debug|x64.ActiveCfg = Debug|x64
		{B2F6BAD6-376E-44D0-8D2F-A23D262AA7FE}.Debug|x64.Build.0 = Debug|x64
		{B2F6BAD6-376E-44D0-8D2F-A23D262AA7FE}.Debug|x86.ActiveCfg = Debug|Win32
		{B2F6BAD6-376E-44D0-8D2F-A23D262AA7FE}.Debug|x86.Build.0 = Debug|Win32
		{B2F6BAD6-376E-44D0-8D2F-A23D262AA7FE}.Release|x64.ActiveCfg = Release|x64
		{B2F6BAD6-376E-44D0-8D2F-A23D262AA7FE}.Release|x64.Build.0 = Release|x64
		{B2F6BAD6-376E-44D0-8D2F-A23D262AA7FE}.Release|x86.ActiveCfg = Release|Win32
		{B2F6BAD6-376E-44D0-8D2F-A23D262AA7FE}.Release|x86.Build.0 = Release|Win32
		{F9323698-E379-4913-BE0E-144BF031B07C}.Debug|x64.ActiveCfg = Debug|x64
		{F9323698-E379-4913-BE0E-144BF031B07C}.Debug|x64.Build.0 = Debug|x64
		{F9323698-E379-4913-BE0E-144BF031B07C}.Debug|x86.ActiveCfg = Debug|Win32
		{F9323698-E379-4913-BE0E-144BF031B07C}.Debug|x86.Build.0 = Debug|Win32
		{F9323698-E379-4913-BE0E-144BF031B07C}.Release|x64.ActiveCfg = Release|x64
		{F9323698-E379-4913-BE0E-144BF031B07C}.Release|x64.Build.0 = Release|x64
		{F9323698-E379-4913-BE0E-144BF031B07C}.Release|x86.ActiveCfg = Release|Win32
		{F9323698-E379-4913-BE0E-144BF031B07C}.Release|x86.Build.0 = Release|Win32
		{53889A4A-1511-49EB-94FF-F25538D2E3A4}.Debug|x64.ActiveCfg = Debug|x64
		{53889A4A-1511-49EB-94FF-F25538D2E3A4}.Debug|x64.Build.0 = Debug|x64
		{53889A4A-1511-49EB-94FF-F25538D2E3A4}.Debug|x86.ActiveCfg = Debug|Win32
		{53889A4A-1511-49EB-94FF-F25538D2E3A4}.Debug|x86.Build.0 = Debug|Win32
		{53889A4A-1511-49EB-94FF-F25538D2E3A4}.Release|x64.ActiveCfg = Release|x64
		{53889A4A-1511-49EB-94FF-F25538D2E3A4}.Release|x64.Build.0 = Release|x64
		{53889A4A-1511-49EB-94FF-F25538D2E3A4}.Release|x86.ActiveCfg = Release|Win32
		{53889A4A-1511-49EB-94FF-F25538D2E3A4}.Release|x86.Build.0 = Release|Win32
		{3AE72A08-2CCF-4123-A255-6E8571310648}.Debug|x64.ActiveCfg = Debug|x64
		{3AE72A08-2CCF-4123-A255-6E8571310648}.Debug|x64.Build.0 = Debug|x64
		{3AE72A08-2CCF-4123-A255-6E8571310648}.Debug|x86.ActiveCfg = Debug|Win32
		{3AE72A08-2CCF-4123-A255-6E8571310648}.Debug|x86.Build.0 = Debug|Win32
		{3AE72A08-2CCF-4123-A255-6E8571310648}.Release|x64.ActiveCfg = Release|x64
		{3AE72A08-2CCF-4123-A255-6E8571310648}.Release|x64.Build.0 = Release|x64
		{3AE72A08-2CCF-4123-A255-6E8571310648}.Release|x86.ActiveCfg = Release|Win32
		{3AE72A08-2CCF-4123-A255-6E8571310648}.Release|x86.Build.0 = Release|Win32
		{9EFFD5C3-C683-42CF-8534-7F7BA49CFB62}.Debug|x64.ActiveCfg = Debug|x64
		{9EFFD5C3-C683-42CF-8534-7F7BA49CFB62}.Debug|x64.Build.0 = Debug|x64
		{9EFFD5C3-C683-42CF-8534-7F7BA49CFB62}.Debug|x86.ActiveCfg = Debug|Win32
		{9EFFD5C3-C683-42CF-8534-7F7BA49CFB62}.Debug|x86.Build.0 = Debug|Win32
		{9EFFD5C3-C683-42CF-8534-7F7BA49CFB62}.Release|x64.ActiveCfg = Release|x64
		{9EFFD5C3-C683-42CF-8534-7F7BA49CFB62}.Release|x64.Build.0 = Release|x64
		{9EFFD5C3-C683-42CF-8534-7F7BA49CFB62}.Release|x86.ActiveCfg = Release|Win32
		{9EFFD5C3-C683-42CF-8534-7F7BA49CFB62}.Release|x86.Build.0 = Release|Win32
		{3ABC6192-B0E4-4197-B206-A7423B14C12A}.Debug|x64.ActiveCfg = Debug|x64
		{3ABC6192-B0E4-4197-B206-A7423B14C12A}.Debug|x64.Build.0 = Debug|x64
		{3ABC6192-B0E4-4197-B206-A7423B14C12A}.Debug|x86.ActiveCfg = Debug|Win32
		{3ABC6192-B0E4-4197-B206-A7423B14C12A}.Debug|x86.Build.0 = Debug|Win32
		{3ABC6192-B0E4-4197-B206-A7423B14C12A}.Release|x64.ActiveCfg = Release|x64
		{3ABC6192-B0E4-4197-B206-A7423B14C12A}.Release|x64.Build.0 = Release|x64
		{3ABC6192-B0E4-4197-B206-A7423B14C12A}.Release|x86.ActiveCfg = Release|Win32
		{3ABC6192-B0E4-4197-B206-A7423B14C12A}.Release|x86.Build.0 = Release|Win32
		{50B2C39C-59C5-438E-BC6A-C80D7E153131}.Debug|x64.ActiveCfg = Debug|x64
		{50B2C39C-59C5-438E-BC6A-C80D7E153131}.Debug|x64.Build.0 = Debug|x64
		{50B2C39C-59C5-438E-BC6A-C80D7E153131}.Debug|x86.ActiveCfg = Debug|Win32
		{50B2C39C-59C5-438E-BC6A-C80D7E153131}.Debug|x86.Build.0 = Debug|Win32
		{50B2C39C-59C5-438E-BC6A-C80D7E153131}.Release|x64.ActiveCfg = Release|x64
		{50B2C39C-59C5-438E-BC6A-C80D7E153131}.Release|x64.Build.0 = Release|x64
		{50B2C39C-59C5-438E-BC6A-C80D7E153131}.Release|x86.ActiveCfg = Release|Win32
		{50B2C39C-59C5-438E-BC6A-C80D7E153131}.Release|x86.Build.0 = Release|Win32
		{268CAACD-4BF0-4F59-90DE-B200C0EE3062}.Debug|x64.ActiveCfg = Debug|x64
		{268CAACD-4BF0-4F59-90DE-B200C0EE3062}.Debug|x64.Build.0 = Debug|x64
		{268CAACD-4BF0-4F59-90DE-B200C0EE3062}.Debug|x86.ActiveCfg = Debug|Win32
		{268CAACD-4BF0-4F59-90DE-B200C0EE3062}.Debug|x86.Build.0 = Debug|Win32
		{268CAACD-4BF0-4F59-90DE-B200C0EE3062}.Release|x64.ActiveCfg = Release|x64
		{268CAACD-4BF0-4F59-90DE-B200C0EE3062}.Release|x64.Build.0 = Release|x64
		{268CAACD-4BF0-4F59-90DE-B200C0EE3062}.Release|x86.ActiveCfg = Release|Win32
		{268CAACD-4BF0-4F59-90DE-B200C0EE3062}.Release|x86.Build.0 = Release|Win32
		{6B1B0979-4C79-4CC4-B67B-89058DD73A28}.Debug|x64.ActiveCfg = Debug|x64
		{6B1B0979-4C79-4CC4-B67B-89058DD73A28}.Debug|x64.Build.0 = Debug|x64
		{6B1B0979-4C79-4CC4-B67B-89058DD73A28}.Debug|x86.ActiveCfg = Debug|Win32
		{6B1B0979-4C79-4CC4-B67B-89058DD73A28}.Debug|x86.Build.0 = Debug|Win32
		{6B1B0979-4C79-4CC4-B67B-89058DD73A28}.Release|x64.ActiveCfg = Release|x64
		{6B1B0979-4C79-4CC4-B67B-89058DD73A28}.Release|x64.Build.0 = Release|x64
		{6B1B0979-4C79-4CC4-B67B-89058DD73A28}.Release|x86.ActiveCfg = Release|Win32
		{6B1B0979-4C79-4CC4-B67B-89058DD73A28}.Release|x86.Build.0 = Release|Win32
		{0B45B2A3-D09F-4809-81D0-5F8843D71D20}.Debug|x64.ActiveCfg = Debug|x64
		{0B45B2A3-D09F-4809-81D0-5F8843D71D20}.Debug|x64.Build.0 = Debug|x64
		{0B45B2A3-D09F-4809-81D0-5F8843D71D20}.Debug|x86.ActiveCfg = Debug|Win32
		{0B45B2A3-D09F-4809-81D0-5F8843D71D20}.Debug|x86.Build.0 = Debug|Win32
		{0B45B2A3-D09F-4809-81D0-5F8843D71D20}.Release|x64.ActiveCfg = Release|x64
		{0B45B2A3-D09F-4809-81D0-5F8843D71D20}.Release|x64.Build.0 = Release|x64
		{0B45B2A3-D09F-4809-81D0-5F8843D71D20}.Release|x86.ActiveCfg = Release|Win32
		{0B45B2A3-D09F-4809-81D0-5F8843D71D20}.Release|x86.Build.0 = Release|Win32
		{8ABD9A85-1317-48E4-9111-6DEDBE4975AC}.Debug|x64.ActiveCfg = Debug|x64
		{8ABD9A85-1317-48E4-9111-6DEDBE4975AC}.Debug|x64.Build.0 = Debug|x64
		{8ABD9A85-1317-48E4-9111-6DEDBE4975AC}.Debug|x86.ActiveCfg = Debug|Win32
		{8ABD9A85-1317-48E4-9111-6DEDBE4975AC}.Debug|x86.Build.0 = Debug|Win32
		{8ABD9A85-1317-48E4-9111-6DEDBE4975AC}.Release|x64.ActiveCfg = Release|x64
		{8ABD9A85-1317-48E4-9111-6DEDBE4975AC}.Release|x64.Build.0 = Release|x64
		{8ABD9A85-1317-48E4-9111-6DEDBE4975AC}.Release|x86.ActiveCfg = Release|Win32
		{8ABD9A85-1317-48E4-9111-6DEDBE4975AC}.Release|x86.Build.0 = Release|Win32
		{7D82E8F9-9EA6-4BB7-A181-3A3CF46B7D4F}.Debug|x64.ActiveCfg = Debug|x64
		{7D82E8F9-9EA6-4BB7-A181-3A3CF46B7D4F}.Debug|x64.Build.0 = Debug|x64
		{7D82E8F9-9EA6-4BB7-A181-3A3CF46B7D4F}.Debug|x86.ActiveCfg = Debug|Win32
		{7D82E8F9-9EA6-4BB7-A181-3A3CF46B7D4F}.Debug|x86.Build.0 = Debug|Win32
		{7D82E8F9-9EA6-4BB7-A181-3A3CF46B7D4F}.Release|x64.ActiveCfg = Release|x64
		{7D82E8F9-9EA6-4BB7-A181-3A3CF46B7D4F}.Release|x64.Build.0 = Release|x64
		{7D82E8F9-9EA6-4BB7-A181-3A3CF46B7D4F}.Release|x86.ActiveCfg = Release|Win32
		{7D82E8F9-9EA6-4BB7-A181-3A3CF46B7D4F}.Release|x86.Build.0 = Release|Win32
		{08020878-316C-4FB4-B269-A12B024FCDFE}.Debug|x64.ActiveCfg = Debug|x64
		{08020878-316C-4FB4-B269-A12B024FCDFE}.Debug|x64.Build.0 = Debug|x64
		{08020878-316C-4FB4-B269-A12B024FCDFE}.Debug|x86.ActiveCfg = Debug|Win32
		{08020878-316C-4FB4-B269-A12B024FCDFE}.Debug|x86.Build.0 = Debug|Win32
		{08020878-316C-4FB4-B269-A12B024FCDFE}.Release|x64.ActiveCfg = Release|x64
		{08020878-316C-4FB4-B269-A12B024FCDFE}.Release|x64.Build.0 = Release|x64
		{08020878-316C-4FB4-B269-A12B024FCDFE}.Release|x86.ActiveCfg = Release|Win32
		{08020878-316C-4FB4-B269-A12B024FCDFE}.Release|x86.Build.0 = Release|Win32
		{044FD454-FE30-4ABB-8D52-31217E5ECC9C}.Debug|x64.ActiveCfg = Debug|x64
		{044FD454-FE30-4ABB-8D52-31217E5ECC9C}.Debug|x64.Build.0 = Debug|x64
		{044FD454-FE30-4ABB-8D52-31217E5ECC9C}.Debug|x86.ActiveCfg = Debug|Win32
		{044FD454-FE30-4ABB-8D52-31217E5ECC9C}.Debug|x86.Build.0 = Debug|Win32
		{044FD454-FE30-4ABB-8D52-31217E5ECC9C}.Release|x64.ActiveCfg = Release|x64
		{044FD454-FE30-4ABB-8D52-31217E5ECC9C}.Release|x64.Build.0 = Release|x64
		{044FD454-FE30-4ABB-8D52-31217E5ECC9C}.Release|x86.ActiveCfg = Release|Win32
		{044FD454-FE30-4ABB-8D52-31217E5ECC9C}.Release|x86.Build.0 = Release|Win32
		{2A071674-0A2D-4C51-AAB2-00105C1FBAAB}.Debug|x64.ActiveCfg = Debug|x64
		{2A071674-0A2D-4C51-AAB2-00105C1FBAAB}.Debug|x64.Build.0 = Debug|x64
		{2A071674-0A2D-4C51-AAB2-00105C1FBAAB}.Debug|x86.ActiveCfg = Debug|Win32
		{2A071674-0A2D-4C51-AAB2-00105C1FBAAB}.Debug|x86.Build.0 = Debug|Win32
		{2A071674-0A2D-4C51-AAB2-00105C1FBAAB}.Release|x64.ActiveCfg = Release|x64
		{2A071674-0A2D-4C51-AAB2-00105C1FBAAB}.Release|x64.Build.0 = Release|x64
		{2A071674-0A2D-4C51-AAB2-00105C1FBAAB}.Release|x86.ActiveCfg = Release|Win32
		{2A071674-0A2D-4C51-AAB2-00105C1FBAAB}.Release|x86.Build.0 = Release|Win32
		{0AC58011-9D9A-4890-98EF-F87ADDABE3A7}.Debug|x64.ActiveCfg = Debug|x64
		{0AC58011-9D9A-4890-98EF-F87ADDABE3A7}.Debug|x64.Build.0 = Debug|x64
		{0AC58011-9D9A-4890-98EF-F87ADDABE3A7}.Debug|x86.ActiveCfg = Debug|Win32
		{0AC58011-9D9A-4890-98EF-F87ADDABE3A7}.Debug|x86.Build.0 = Debug|Win32
		{0AC58011-9D9A-4890-98EF-F87ADDABE3A7}.Release|x64.ActiveCfg = Release|x64
		{0AC58011-9D9A-4890-98EF-F87ADDABE3A7}.Release|x64.Build.0 = Release|x64
		{0AC58011-9D9A-4890-98EF-F87ADDABE3A7}.Release|x86.ActiveCfg = Release|Win32
		{0AC58011-9D9A-4890-98EF-F87ADDABE3A7}.Release|x86.Build.0 = Release|Win32
		{D4512909-D8B8-4956-BEA6-9DC826FC27CD}.Debug|x64.ActiveCfg = Debug|x64
		{D4512909-D8B8-4956-BEA6-9DC826FC27CD}.Debug|x64.Build.0 = Debug|x64
		{D4512909-D8B8-4956-BEA6-9DC826FC27CD}.Debug|x86.ActiveCfg = Debug|Win32
		{D4512909-D8B8-4956-BEA6-9DC826FC27CD}.Debug|x86.Build.0 = Debug|Win32
		{D4512909-D8B8-4956-BEA6-9DC826FC27CD}.Release|x64.ActiveCfg = Release|x64
		{D4512909-D8B8-4956-BEA6-9DC826FC27CD}.Release|x64.Build.0 = Release|x64
		{D4512909-D8B8-4956-BEA6-9DC826FC27CD}.Release|x86.ActiveCfg = Release|Win32
		{D4512909-D8B8-4956-BEA6-9DC826FC27CD}.Release|x86.Build.0 = Release|Win32
		{ED6405E9-BBBA-4195-9D99-8CCE2521E014}.Debug|x64.ActiveCfg = Debug|x64
		{ED6405E9-BBBA-4195-9D99-8CCE2521E014}.Debug|x64.Build.0 = Debug|x64
		{ED6405E9-BBBA-4195-9D99-8CCE2521E014}.Debug|x86.ActiveCfg = Debug|Win32
		{ED6405E9-BBBA-4195-9D99-8CCE2521E014}.Debug|x86.Build.0 = Debug|Win32
		{ED6405E9-BBBA-4195-9D99-8CCE2521E014}.Release|x64.ActiveCfg = Release|x64
		{ED6405E9-BBBA-4195-9D99-8CCE2521E014}.Release|x64.Build.0 = Release|x64
		{ED6405E9-BBBA-4195-9D99-8CCE2521E014}.Release|x86.ActiveCfg = Release|Win32
		{ED6405E9-BBBA-4195-9D99-8CCE2521E014}.Release|x86.Build.0 = Release|Win32
		{A4C86582-8267-4475-9DA4-236A55F68396}.Debug|x64.ActiveCfg = Debug|x64
		{A4C86582-8267-4475-9DA4-236A55F68396}.Debug|x64.Build.0 = Debug|x64
		{A4C86582-8267-4475-9DA4-236A55F68396}.Debug|x86.ActiveCfg = Debug|Win32
		{A4C86582-8267-4475-9DA4-236A55F68396}.Debug|x86.Build.0 = Debug|Win32
		{A4C86582-8267-4475-9DA4-236A55F68396}.Release|x64.ActiveCfg = Release|x64
		{A4C86582-8267-4475-9DA4-236A55F68396}.Release|x64.Build.0 = Release|x64
		{A4C86582-8267-4475-9DA4-236A55F68396}.Release|x86.ActiveCfg = Release|Win32
		{A4C86582-8267-4475-9DA4-236A55F68396}.Release|x86.Build.0 = Release|Win32
		{0A930644-C165-4969-B78B-27F431B562D1}.Debug|x64.ActiveCfg = Debug|x64
		{0A930644-C165-4969-B78B-27F431B562D1}.Debug|x64.Build.0 = Debug|x64
		{0A930644-C165-4969-B78B-27F431B562D1}.Debug|x86.ActiveCfg = Debug|Win32
		{0A930644-C165-4969-B78B-27F431B562D1}.Debug|x86.Build.0 = Debug|Win32
		{0A930644-C165-4969-B78B-27F431B562D1}.Release|x64.ActiveCfg = Release|x64
		{0A930644-C165-4969-B78B-27F431B562D1}.Release|x64.Build.0 = Release|x64
		{0A930644-C165-4969-B78B-27F431B562D1}.Release|x86.ActiveCfg = Release|Win32
		{0A930644-C165-4969-B78B-27F431B562D1}.Release|x86.Build.0 = Release|Win32
	EndGlobalSection
	GlobalSection(SolutionProperties) = preSolution
		HideSolutionNode = FALSE
	EndGlobalSection
	GlobalSection(ExtensibilityGlobals) = postSolution
		SolutionGuid = {6907F93B-099E-443B-B82B-4694F312FFBC}
	EndGlobalSection
EndGlobal
